
Microsoft Visual Studio Solution File, Format Version 12.00
# Visual Studio Version 17
VisualStudioVersion = 17.14.36511.14
MinimumVisualStudioVersion = 10.0.40219.1
Project("{FAE04EC0-301F-11D3-BF4B-00C04F79EFBC}") = "NIU.ACH-AI.Application", "NIU.ACH-AI.Application\NIU.ACH-AI.Application.csproj", "{3057D729-C175-41B5-B02E-03B79FAD00CA}"
	ProjectSection(ProjectDependencies) = postProject
		{6FB405D3-0FD3-422C-AEF5-40EFC6A26895} = {6FB405D3-0FD3-422C-AEF5-40EFC6A26895}
	EndProjectSection
EndProject
Project("{FAE04EC0-301F-11D3-BF4B-00C04F79EFBC}") = "NIU.ACH-AI.Domain", "NIU.ACH-AI.Domain\NIU.ACH-AI.Domain.csproj", "{6FB405D3-0FD3-422C-AEF5-40EFC6A26895}"
EndProject
Project("{FAE04EC0-301F-11D3-BF4B-00C04F79EFBC}") = "NIU.ACH-AI.Infrastructure", "NIU.ACH-AI.Infrastructure\NIU.ACH-AI.Infrastructure.csproj", "{712796F2-EF2C-46F7-B036-0E1D5D452119}"
	ProjectSection(ProjectDependencies) = postProject
		{3057D729-C175-41B5-B02E-03B79FAD00CA} = {3057D729-C175-41B5-B02E-03B79FAD00CA}
		{6FB405D3-0FD3-422C-AEF5-40EFC6A26895} = {6FB405D3-0FD3-422C-AEF5-40EFC6A26895}
	EndProjectSection
EndProject
Project("{FAE04EC0-301F-11D3-BF4B-00C04F79EFBC}") = "NIU.ACH-AI.FrontendConsole", "NIU.ACH-AI.FrontendConsole\NIU.ACH-AI.FrontendConsole.csproj", "{B43C3F9D-2F91-4423-A5DE-B3826016D2CC}"
	ProjectSection(ProjectDependencies) = postProject
		{3057D729-C175-41B5-B02E-03B79FAD00CA} = {3057D729-C175-41B5-B02E-03B79FAD00CA}
		{6FB405D3-0FD3-422C-AEF5-40EFC6A26895} = {6FB405D3-0FD3-422C-AEF5-40EFC6A26895}
		{712796F2-EF2C-46F7-B036-0E1D5D452119} = {712796F2-EF2C-46F7-B036-0E1D5D452119}
	EndProjectSection
EndProject
Project("{00D1A9C2-B5F0-4AF3-8072-F6C62B433612}") = "NIU.ACH-AI.Infrastructure.Database", "NIU.ACH-AI.Infrastructure.Database\NIU.ACH-AI.Infrastructure.Database.sqlproj", "{9DD4C462-495F-4525-B064-73C7F13FF3B8}"
EndProject
Project("{FAE04EC0-301F-11D3-BF4B-00C04F79EFBC}") = "NIU.ACH-AI.Application.Tests", "NIU.ACH-AI.Application.Tests\NIU.ACH-AI.Application.Tests.csproj", "{39807D64-8090-4951-B2D9-CC01BFA71F77}"
EndProject
Project("{FAE04EC0-301F-11D3-BF4B-00C04F79EFBC}") = "NIU.ACH-AI.Domain.Tests", "NIU.ACH-AI.Domain.Tests\NIU.ACH-AI.Domain.Tests.csproj", "{C1C4A492-6F78-41A2-8DE3-F756BCCF5D8F}"
EndProject
Project("{FAE04EC0-301F-11D3-BF4B-00C04F79EFBC}") = "NIU.ACH-AI.FrontendConsole.Tests", "NIU.ACH-AI.FrontendConsole.Tests\NIU.ACH-AI.FrontendConsole.Tests.csproj", "{E6D287B3-E0D3-4825-89C3-4A02BADDC230}"
EndProject
Project("{FAE04EC0-301F-11D3-BF4B-00C04F79EFBC}") = "NIU.ACH-AI.Infrastructure.Tests", "NIU.ACH-AI.Infrastructure.Tests\NIU.ACH-AI.Infrastructure.Tests.csproj", "{7EBE4D47-40B2-4FF9-8AA6-DB401BBADC03}"
EndProject
Project("{FAE04EC0-301F-11D3-BF4B-00C04F79EFBC}") = "NIU.ACH-AI.Infrastructure.Persistence", "NIU.ACH-AI.Infrastructure.Persistence\NIU.ACH-AI.Infrastructure.Persistence.csproj", "{A804669D-343D-443E-A93A-967F26648017}"
EndProject
Global
	GlobalSection(SolutionConfigurationPlatforms) = preSolution
		Debug|Any CPU = Debug|Any CPU
		Release|Any CPU = Release|Any CPU
	EndGlobalSection
	GlobalSection(ProjectConfigurationPlatforms) = postSolution
		{3057D729-C175-41B5-B02E-03B79FAD00CA}.Debug|Any CPU.ActiveCfg = Debug|Any CPU
		{3057D729-C175-41B5-B02E-03B79FAD00CA}.Debug|Any CPU.Build.0 = Debug|Any CPU
		{3057D729-C175-41B5-B02E-03B79FAD00CA}.Release|Any CPU.ActiveCfg = Release|Any CPU
		{3057D729-C175-41B5-B02E-03B79FAD00CA}.Release|Any CPU.Build.0 = Release|Any CPU
		{6FB405D3-0FD3-422C-AEF5-40EFC6A26895}.Debug|Any CPU.ActiveCfg = Debug|Any CPU
		{6FB405D3-0FD3-422C-AEF5-40EFC6A26895}.Debug|Any CPU.Build.0 = Debug|Any CPU
		{6FB405D3-0FD3-422C-AEF5-40EFC6A26895}.Release|Any CPU.ActiveCfg = Release|Any CPU
		{6FB405D3-0FD3-422C-AEF5-40EFC6A26895}.Release|Any CPU.Build.0 = Release|Any CPU
		{712796F2-EF2C-46F7-B036-0E1D5D452119}.Debug|Any CPU.ActiveCfg = Debug|Any CPU
		{712796F2-EF2C-46F7-B036-0E1D5D452119}.Debug|Any CPU.Build.0 = Debug|Any CPU
		{712796F2-EF2C-46F7-B036-0E1D5D452119}.Release|Any CPU.ActiveCfg = Release|Any CPU
		{712796F2-EF2C-46F7-B036-0E1D5D452119}.Release|Any CPU.Build.0 = Release|Any CPU
		{B43C3F9D-2F91-4423-A5DE-B3826016D2CC}.Debug|Any CPU.ActiveCfg = Debug|Any CPU
		{B43C3F9D-2F91-4423-A5DE-B3826016D2CC}.Debug|Any CPU.Build.0 = Debug|Any CPU
		{B43C3F9D-2F91-4423-A5DE-B3826016D2CC}.Release|Any CPU.ActiveCfg = Release|Any CPU
		{B43C3F9D-2F91-4423-A5DE-B3826016D2CC}.Release|Any CPU.Build.0 = Release|Any CPU
		{9DD4C462-495F-4525-B064-73C7F13FF3B8}.Debug|Any CPU.ActiveCfg = Debug|Any CPU
		{9DD4C462-495F-4525-B064-73C7F13FF3B8}.Debug|Any CPU.Build.0 = Debug|Any CPU
		{9DD4C462-495F-4525-B064-73C7F13FF3B8}.Debug|Any CPU.Deploy.0 = Debug|Any CPU
		{9DD4C462-495F-4525-B064-73C7F13FF3B8}.Release|Any CPU.ActiveCfg = Release|Any CPU
		{9DD4C462-495F-4525-B064-73C7F13FF3B8}.Release|Any CPU.Build.0 = Release|Any CPU
		{9DD4C462-495F-4525-B064-73C7F13FF3B8}.Release|Any CPU.Deploy.0 = Release|Any CPU
		{39807D64-8090-4951-B2D9-CC01BFA71F77}.Debug|Any CPU.ActiveCfg = Debug|Any CPU
		{39807D64-8090-4951-B2D9-CC01BFA71F77}.Debug|Any CPU.Build.0 = Debug|Any CPU
		{39807D64-8090-4951-B2D9-CC01BFA71F77}.Release|Any CPU.ActiveCfg = Release|Any CPU
		{39807D64-8090-4951-B2D9-CC01BFA71F77}.Release|Any CPU.Build.0 = Release|Any CPU
		{C1C4A492-6F78-41A2-8DE3-F756BCCF5D8F}.Debug|Any CPU.ActiveCfg = Debug|Any CPU
		{C1C4A492-6F78-41A2-8DE3-F756BCCF5D8F}.Debug|Any CPU.Build.0 = Debug|Any CPU
		{C1C4A492-6F78-41A2-8DE3-F756BCCF5D8F}.Release|Any CPU.ActiveCfg = Release|Any CPU
		{C1C4A492-6F78-41A2-8DE3-F756BCCF5D8F}.Release|Any CPU.Build.0 = Release|Any CPU
		{E6D287B3-E0D3-4825-89C3-4A02BADDC230}.Debug|Any CPU.ActiveCfg = Debug|Any CPU
		{E6D287B3-E0D3-4825-89C3-4A02BADDC230}.Debug|Any CPU.Build.0 = Debug|Any CPU
		{E6D287B3-E0D3-4825-89C3-4A02BADDC230}.Release|Any CPU.ActiveCfg = Release|Any CPU
		{E6D287B3-E0D3-4825-89C3-4A02BADDC230}.Release|Any CPU.Build.0 = Release|Any CPU
		{7EBE4D47-40B2-4FF9-8AA6-DB401BBADC03}.Debug|Any CPU.ActiveCfg = Debug|Any CPU
		{7EBE4D47-40B2-4FF9-8AA6-DB401BBADC03}.Debug|Any CPU.Build.0 = Debug|Any CPU
		{7EBE4D47-40B2-4FF9-8AA6-DB401BBADC03}.Release|Any CPU.ActiveCfg = Release|Any CPU
		{7EBE4D47-40B2-4FF9-8AA6-DB401BBADC03}.Release|Any CPU.Build.0 = Release|Any CPU
		{A804669D-343D-443E-A93A-967F26648017}.Debug|Any CPU.ActiveCfg = Debug|Any CPU
		{A804669D-343D-443E-A93A-967F26648017}.Debug|Any CPU.Build.0 = Debug|Any CPU
		{A804669D-343D-443E-A93A-967F26648017}.Release|Any CPU.ActiveCfg = Release|Any CPU
		{A804669D-343D-443E-A93A-967F26648017}.Release|Any CPU.Build.0 = Release|Any CPU
	EndGlobalSection
	GlobalSection(SolutionProperties) = preSolution
		HideSolutionNode = FALSE
	EndGlobalSection
	GlobalSection(ExtensibilityGlobals) = postSolution
		SolutionGuid = {16D25274-6C54-44E4-AF99-04B952E1F37F}
	EndGlobalSection
EndGlobal
